
Microsoft Visual Studio Solution File, Format Version 12.00
# Visual Studio Version 17
VisualStudioVersion = 17.7.34031.279
MinimumVisualStudioVersion = 10.0.40219.1
Project("{FAE04EC0-301F-11D3-BF4B-00C04F79EFBC}") = "AR Shopping", "AR Shopping.csproj", "{4D886D66-6701-4735-BEFE-50F23CC5B134}"
EndProject
Global
	GlobalSection(SolutionConfigurationPlatforms) = preSolution
		Debug|Any CPU = Debug|Any CPU
		Release|Any CPU = Release|Any CPU
	EndGlobalSection
	GlobalSection(ProjectConfigurationPlatforms) = postSolution
		{4D886D66-6701-4735-BEFE-50F23CC5B134}.Debug|Any CPU.ActiveCfg = Debug|Any CPU
		{4D886D66-6701-4735-BEFE-50F23CC5B134}.Debug|Any CPU.Build.0 = Debug|Any CPU
		{4D886D66-6701-4735-BEFE-50F23CC5B134}.Release|Any CPU.ActiveCfg = Release|Any CPU
		{4D886D66-6701-4735-BEFE-50F23CC5B134}.Release|Any CPU.Build.0 = Release|Any CPU
	EndGlobalSection
	GlobalSection(SolutionProperties) = preSolution
		HideSolutionNode = FALSE
	EndGlobalSection
	GlobalSection(ExtensibilityGlobals) = postSolution
		SolutionGuid = {1F8C4FE1-891D-432D-AC0E-3FB1FEC39839}
	EndGlobalSection
EndGlobal
